version = 1
revision = 3
requires-python = ">=3.12"

[[package]]
name = "click"
version = "8.3.1"
source = { registry = "https://pypi.org/simple" }
dependencies = [
    { name = "colorama", marker = "sys_platform == 'win32'" },
]
sdist = { url = "https://files.pythonhosted.org/packages/3d/fa/656b739db8587d7b5dfa22e22ed02566950fbfbcdc20311993483657a5c0/click-8.3.1.tar.gz", hash = "sha256:12ff4785d337a1bb490bb7e9c2b1ee5da3112e94a8622f26a6c77f5d2fc6842a", size = 295065, upload-time = "2025-11-15T20:45:42.706Z" }
wheels = [
    { url = "https://files.pythonhosted.org/packages/98/78/01c019cdb5d6498122777c1a43056ebb3ebfeef2076d9d026bfe15583b2b/click-8.3.1-py3-none-any.whl", hash = "sha256:981153a64e25f12d547d3426c367a4857371575ee7ad18df2a6183ab0545b2a6", size = 108274, upload-time = "2025-11-15T20:45:41.139Z" },
]

[[package]]
name = "colorama"
version = "0.4.6"
source = { registry = "https://pypi.org/simple" }
sdist = { url = "https://files.pythonhosted.org/packages/d8/53/6f443c9a4a8358a93a6792e2acffb9d9d5cb0a5cfd8802644b7b1c9a02e4/colorama-0.4.6.tar.gz", hash = "sha256:08695f5cb7ed6e0531a20572697297273c47b8cae5a63ffc6d6ed5c201be6e44", size = 27697, upload-time = "2022-10-25T02:36:22.414Z" }
wheels = [
    { url = "https://files.pythonhosted.org/packages/d1/d6/3965ed04c63042e047cb6a3e6ed1a63a35087b6a609aa3a15ed8ac56c221/colorama-0.4.6-py2.py3-none-any.whl", hash = "sha256:4f1d9991f5acc0ca119f9d443620b77f9d6b33703e51011c16baf57afb285fc6", size = 25335, upload-time = "2022-10-25T02:36:20.889Z" },
]

[[package]]
name = "iniconfig"
version = "2.3.0"
source = { registry = "https://pypi.org/simple" }
sdist = { url = "https://files.pythonhosted.org/packages/72/34/14ca021ce8e5dfedc35312d08ba8bf51fdd999c576889fc2c24cb97f4f10/iniconfig-2.3.0.tar.gz", hash = "sha256:c76315c77db068650d49c5b56314774a7804df16fee4402c1f19d6d15d8c4730", size = 20503, upload-time = "2025-10-18T21:55:43.219Z" }
wheels = [
    { url = "https://files.pythonhosted.org/packages/cb/b1/3846dd7f199d53cb17f49cba7e651e9ce294d8497c8c150530ed11865bb8/iniconfig-2.3.0-py3-none-any.whl", hash = "sha256:f631c04d2c48c52b84d0d0549c99ff3859c98df65b3101406327ecc7d53fbf12", size = 7484, upload-time = "2025-10-18T21:55:41.639Z" },
]

[[package]]
name = "joblib"
version = "1.5.2"
source = { registry = "https://pypi.org/simple" }
sdist = { url = "https://files.pythonhosted.org/packages/e8/5d/447af5ea094b9e4c4054f82e223ada074c552335b9b4b2d14bd9b35a67c4/joblib-1.5.2.tar.gz", hash = "sha256:3faa5c39054b2f03ca547da9b2f52fde67c06240c31853f306aea97f13647b55", size = 331077, upload-time = "2025-08-27T12:15:46.575Z" }
wheels = [
    { url = "https://files.pythonhosted.org/packages/1e/e8/685f47e0d754320684db4425a0967f7d3fa70126bffd76110b7009a0090f/joblib-1.5.2-py3-none-any.whl", hash = "sha256:4e1f0bdbb987e6d843c70cf43714cb276623def372df3c22fe5266b2670bc241", size = 308396, upload-time = "2025-08-27T12:15:45.188Z" },
]

[[package]]
name = "mypy"
version = "1.18.2"
source = { registry = "https://pypi.org/simple" }
dependencies = [
    { name = "mypy-extensions" },
    { name = "pathspec" },
    { name = "typing-extensions" },
]
sdist = { url = "https://files.pythonhosted.org/packages/c0/77/8f0d0001ffad290cef2f7f216f96c814866248a0b92a722365ed54648e7e/mypy-1.18.2.tar.gz", hash = "sha256:06a398102a5f203d7477b2923dda3634c36727fa5c237d8f859ef90c42a9924b", size = 3448846, upload-time = "2025-09-19T00:11:10.519Z" }
wheels = [
    { url = "https://files.pythonhosted.org/packages/07/06/dfdd2bc60c66611dd8335f463818514733bc763e4760dee289dcc33df709/mypy-1.18.2-cp312-cp312-macosx_10_13_x86_64.whl", hash = "sha256:33eca32dd124b29400c31d7cf784e795b050ace0e1f91b8dc035672725617e34", size = 12908273, upload-time = "2025-09-19T00:10:58.321Z" },
    { url = "https://files.pythonhosted.org/packages/81/14/6a9de6d13a122d5608e1a04130724caf9170333ac5a924e10f670687d3eb/mypy-1.18.2-cp312-cp312-macosx_11_0_arm64.whl", hash = "sha256:a3c47adf30d65e89b2dcd2fa32f3aeb5e94ca970d2c15fcb25e297871c8e4764", size = 11920910, upload-time = "2025-09-19T00:10:20.043Z" },
    { url = "https://files.pythonhosted.org/packages/5f/a9/b29de53e42f18e8cc547e38daa9dfa132ffdc64f7250e353f5c8cdd44bee/mypy-1.18.2-cp312-cp312-manylinux2014_aarch64.manylinux_2_17_aarch64.manylinux_2_28_aarch64.whl", hash = "sha256:5d6c838e831a062f5f29d11c9057c6009f60cb294fea33a98422688181fe2893", size = 12465585, upload-time = "2025-09-19T00:10:33.005Z" },
    { url = "https://files.pythonhosted.org/packages/77/ae/6c3d2c7c61ff21f2bee938c917616c92ebf852f015fb55917fd6e2811db2/mypy-1.18.2-cp312-cp312-manylinux2014_x86_64.manylinux_2_17_x86_64.manylinux_2_28_x86_64.whl", hash = "sha256:01199871b6110a2ce984bde85acd481232d17413868c9807e95c1b0739a58914", size = 13348562, upload-time = "2025-09-19T00:10:11.51Z" },
    { url = "https://files.pythonhosted.org/packages/4d/31/aec68ab3b4aebdf8f36d191b0685d99faa899ab990753ca0fee60fb99511/mypy-1.18.2-cp312-cp312-musllinux_1_2_x86_64.whl", hash = "sha256:a2afc0fa0b0e91b4599ddfe0f91e2c26c2b5a5ab263737e998d6817874c5f7c8", size = 13533296, upload-time = "2025-09-19T00:10:06.568Z" },
    { url = "https://files.pythonhosted.org/packages/9f/83/abcb3ad9478fca3ebeb6a5358bb0b22c95ea42b43b7789c7fb1297ca44f4/mypy-1.18.2-cp312-cp312-win_amd64.whl", hash = "sha256:d8068d0afe682c7c4897c0f7ce84ea77f6de953262b12d07038f4d296d547074", size = 9828828, upload-time = "2025-09-19T00:10:28.203Z" },
    { url = "https://files.pythonhosted.org/packages/5f/04/7f462e6fbba87a72bc8097b93f6842499c428a6ff0c81dd46948d175afe8/mypy-1.18.2-cp313-cp313-macosx_10_13_x86_64.whl", hash = "sha256:07b8b0f580ca6d289e69209ec9d3911b4a26e5abfde32228a288eb79df129fcc", size = 12898728, upload-time = "2025-09-19T00:10:01.33Z" },
    { url = "https://files.pythonhosted.org/packages/99/5b/61ed4efb64f1871b41fd0b82d29a64640f3516078f6c7905b68ab1ad8b13/mypy-1.18.2-cp313-cp313-macosx_11_0_arm64.whl", hash = "sha256:ed4482847168439651d3feee5833ccedbf6657e964572706a2adb1f7fa4dfe2e", size = 11910758, upload-time = "2025-09-19T00:10:42.607Z" },
    { url = "https://files.pythonhosted.org/packages/3c/46/d297d4b683cc89a6e4108c4250a6a6b717f5fa96e1a30a7944a6da44da35/mypy-1.18.2-cp313-cp313-manylinux2014_aarch64.manylinux_2_17_aarch64.manylinux_2_28_aarch64.whl", hash = "sha256:c3ad2afadd1e9fea5cf99a45a822346971ede8685cc581ed9cd4d42eaf940986", size = 12475342, upload-time = "2025-09-19T00:11:00.371Z" },
    { url = "https://files.pythonhosted.org/packages/83/45/4798f4d00df13eae3bfdf726c9244bcb495ab5bd588c0eed93a2f2dd67f3/mypy-1.18.2-cp313-cp313-manylinux2014_x86_64.manylinux_2_17_x86_64.manylinux_2_28_x86_64.whl", hash = "sha256:a431a6f1ef14cf8c144c6b14793a23ec4eae3db28277c358136e79d7d062f62d", size = 13338709, upload-time = "2025-09-19T00:11:03.358Z" },
    { url = "https://files.pythonhosted.org/packages/d7/09/479f7358d9625172521a87a9271ddd2441e1dab16a09708f056e97007207/mypy-1.18.2-cp313-cp313-musllinux_1_2_x86_64.whl", hash = "sha256:7ab28cc197f1dd77a67e1c6f35cd1f8e8b73ed2217e4fc005f9e6a504e46e7ba", size = 13529806, upload-time = "2025-09-19T00:10:26.073Z" },
    { url = "https://files.pythonhosted.org/packages/71/cf/ac0f2c7e9d0ea3c75cd99dff7aec1c9df4a1376537cb90e4c882267ee7e9/mypy-1.18.2-cp313-cp313-win_amd64.whl", hash = "sha256:0e2785a84b34a72ba55fb5daf079a1003a34c05b22238da94fcae2bbe46f3544", size = 9833262, upload-time = "2025-09-19T00:10:40.035Z" },
    { url = "https://files.pythonhosted.org/packages/5a/0c/7d5300883da16f0063ae53996358758b2a2df2a09c72a5061fa79a1f5006/mypy-1.18.2-cp314-cp314-macosx_10_13_x86_64.whl", hash = "sha256:62f0e1e988ad41c2a110edde6c398383a889d95b36b3e60bcf155f5164c4fdce", size = 12893775, upload-time = "2025-09-19T00:10:03.814Z" },
    { url = "https://files.pythonhosted.org/packages/50/df/2cffbf25737bdb236f60c973edf62e3e7b4ee1c25b6878629e88e2cde967/mypy-1.18.2-cp314-cp314-macosx_11_0_arm64.whl", hash = "sha256:8795a039bab805ff0c1dfdb8cd3344642c2b99b8e439d057aba30850b8d3423d", size = 11936852, upload-time = "2025-09-19T00:10:51.631Z" },
    { url = "https://files.pythonhosted.org/packages/be/50/34059de13dd269227fb4a03be1faee6e2a4b04a2051c82ac0a0b5a773c9a/mypy-1.18.2-cp314-cp314-manylinux2014_aarch64.manylinux_2_17_aarch64.manylinux_2_28_aarch64.whl", hash = "sha256:6ca1e64b24a700ab5ce10133f7ccd956a04715463d30498e64ea8715236f9c9c", size = 12480242, upload-time = "2025-09-19T00:11:07.955Z" },
    { url = "https://files.pythonhosted.org/packages/5b/11/040983fad5132d85914c874a2836252bbc57832065548885b5bb5b0d4359/mypy-1.18.2-cp314-cp314-manylinux2014_x86_64.manylinux_2_17_x86_64.manylinux_2_28_x86_64.whl", hash = "sha256:d924eef3795cc89fecf6bedc6ed32b33ac13e8321344f6ddbf8ee89f706c05cb", size = 13326683, upload-time = "2025-09-19T00:09:55.572Z" },
    { url = "https://files.pythonhosted.org/packages/e9/ba/89b2901dd77414dd7a8c8729985832a5735053be15b744c18e4586e506ef/mypy-1.18.2-cp314-cp314-musllinux_1_2_x86_64.whl", hash = "sha256:20c02215a080e3a2be3aa50506c67242df1c151eaba0dcbc1e4e557922a26075", size = 13514749, upload-time = "2025-09-19T00:10:44.827Z" },
    { url = "https://files.pythonhosted.org/packages/25/bc/cc98767cffd6b2928ba680f3e5bc969c4152bf7c2d83f92f5a504b92b0eb/mypy-1.18.2-cp314-cp314-win_amd64.whl", hash = "sha256:749b5f83198f1ca64345603118a6f01a4e99ad4bf9d103ddc5a3200cc4614adf", size = 9982959, upload-time = "2025-09-19T00:10:37.344Z" },
    { url = "https://files.pythonhosted.org/packages/87/e3/be76d87158ebafa0309946c4a73831974d4d6ab4f4ef40c3b53a385a66fd/mypy-1.18.2-py3-none-any.whl", hash = "sha256:22a1748707dd62b58d2ae53562ffc4d7f8bcc727e8ac7cbc69c053ddc874d47e", size = 2352367, upload-time = "2025-09-19T00:10:15.489Z" },
]

[[package]]
name = "mypy-extensions"
version = "1.1.0"
source = { registry = "https://pypi.org/simple" }
sdist = { url = "https://files.pythonhosted.org/packages/a2/6e/371856a3fb9d31ca8dac321cda606860fa4548858c0cc45d9d1d4ca2628b/mypy_extensions-1.1.0.tar.gz", hash = "sha256:52e68efc3284861e772bbcd66823fde5ae21fd2fdb51c62a211403730b916558", size = 6343, upload-time = "2025-04-22T14:54:24.164Z" }
wheels = [
    { url = "https://files.pythonhosted.org/packages/79/7b/2c79738432f5c924bef5071f933bcc9efd0473bac3b4aa584a6f7c1c8df8/mypy_extensions-1.1.0-py3-none-any.whl", hash = "sha256:1be4cccdb0f2482337c4743e60421de3a356cd97508abadd57d47403e94f5505", size = 4963, upload-time = "2025-04-22T14:54:22.983Z" },
]

[[package]]
name = "nltk"
version = "3.9.1"
source = { registry = "https://pypi.org/simple" }
dependencies = [
    { name = "click" },
    { name = "joblib" },
    { name = "regex" },
    { name = "tqdm" },
]
sdist = { url = "https://files.pythonhosted.org/packages/3c/87/db8be88ad32c2d042420b6fd9ffd4a149f9a0d7f0e86b3f543be2eeeedd2/nltk-3.9.1.tar.gz", hash = "sha256:87d127bd3de4bd89a4f81265e5fa59cb1b199b27440175370f7417d2bc7ae868", size = 2904691, upload-time = "2024-08-18T19:48:37.769Z" }
wheels = [
    { url = "https://files.pythonhosted.org/packages/4d/66/7d9e26593edda06e8cb531874633f7c2372279c3b0f46235539fe546df8b/nltk-3.9.1-py3-none-any.whl", hash = "sha256:4fa26829c5b00715afe3061398a8989dc643b92ce7dd93fb4585a70930d168a1", size = 1505442, upload-time = "2024-08-18T19:48:21.909Z" },
]

[[package]]
name = "packaging"
version = "25.0"
source = { registry = "https://pypi.org/simple" }
sdist = { url = "https://files.pythonhosted.org/packages/a1/d4/1fc4078c65507b51b96ca8f8c3ba19e6a61c8253c72794544580a7b6c24d/packaging-25.0.tar.gz", hash = "sha256:d443872c98d677bf60f6a1f2f8c1cb748e8fe762d2bf9d3148b5599295b0fc4f", size = 165727, upload-time = "2025-04-19T11:48:59.673Z" }
wheels = [
    { url = "https://files.pythonhosted.org/packages/20/12/38679034af332785aac8774540895e234f4d07f7545804097de4b666afd8/packaging-25.0-py3-none-any.whl", hash = "sha256:29572ef2b1f17581046b3a2227d5c611fb25ec70ca1ba8554b24b0e69331a484", size = 66469, upload-time = "2025-04-19T11:48:57.875Z" },
]

[[package]]
name = "pathspec"
version = "0.12.1"
source = { registry = "https://pypi.org/simple" }
sdist = { url = "https://files.pythonhosted.org/packages/ca/bc/f35b8446f4531a7cb215605d100cd88b7ac6f44ab3fc94870c120ab3adbf/pathspec-0.12.1.tar.gz", hash = "sha256:a482d51503a1ab33b1c67a6c3813a26953dbdc71c31dacaef9a838c4e29f5712", size = 51043, upload-time = "2023-12-10T22:30:45Z" }
wheels = [
    { url = "https://files.pythonhosted.org/packages/cc/20/ff623b09d963f88bfde16306a54e12ee5ea43e9b597108672ff3a408aad6/pathspec-0.12.1-py3-none-any.whl", hash = "sha256:a0d503e138a4c123b27490a4f7beda6a01c6f288df0e4a8b79c7eb0dc7b4cc08", size = 31191, upload-time = "2023-12-10T22:30:43.14Z" },
]

[[package]]
name = "pluggy"
version = "1.6.0"
source = { registry = "https://pypi.org/simple" }
sdist = { url = "https://files.pythonhosted.org/packages/f9/e2/3e91f31a7d2b083fe6ef3fa267035b518369d9511ffab804f839851d2779/pluggy-1.6.0.tar.gz", hash = "sha256:7dcc130b76258d33b90f61b658791dede3486c3e6bfb003ee5c9bfb396dd22f3", size = 69412, upload-time = "2025-05-15T12:30:07.975Z" }
wheels = [
    { url = "https://files.pythonhosted.org/packages/54/20/4d324d65cc6d9205fabedc306948156824eb9f0ee1633355a8f7ec5c66bf/pluggy-1.6.0-py3-none-any.whl", hash = "sha256:e920276dd6813095e9377c0bc5566d94c932c33b27a3e3945d8389c374dd4746", size = 20538, upload-time = "2025-05-15T12:30:06.134Z" },
]

[[package]]
name = "pygments"
version = "2.19.2"
source = { registry = "https://pypi.org/simple" }
sdist = { url = "https://files.pythonhosted.org/packages/b0/77/a5b8c569bf593b0140bde72ea885a803b82086995367bf2037de0159d924/pygments-2.19.2.tar.gz", hash = "sha256:636cb2477cec7f8952536970bc533bc43743542f70392ae026374600add5b887", size = 4968631, upload-time = "2025-06-21T13:39:12.283Z" }
wheels = [
    { url = "https://files.pythonhosted.org/packages/c7/21/705964c7812476f378728bdf590ca4b771ec72385c533964653c68e86bdc/pygments-2.19.2-py3-none-any.whl", hash = "sha256:86540386c03d588bb81d44bc3928634ff26449851e99741617ecb9037ee5ec0b", size = 1225217, upload-time = "2025-06-21T13:39:07.939Z" },
]

[[package]]
name = "pytest"
version = "9.0.1"
source = { registry = "https://pypi.org/simple" }
dependencies = [
    { name = "colorama", marker = "sys_platform == 'win32'" },
    { name = "iniconfig" },
    { name = "packaging" },
    { name = "pluggy" },
    { name = "pygments" },
]
sdist = { url = "https://files.pythonhosted.org/packages/07/56/f013048ac4bc4c1d9be45afd4ab209ea62822fb1598f40687e6bf45dcea4/pytest-9.0.1.tar.gz", hash = "sha256:3e9c069ea73583e255c3b21cf46b8d3c56f6e3a1a8f6da94ccb0fcf57b9d73c8", size = 1564125, upload-time = "2025-11-12T13:05:09.333Z" }
wheels = [
    { url = "https://files.pythonhosted.org/packages/0b/8b/6300fb80f858cda1c51ffa17075df5d846757081d11ab4aa35cef9e6258b/pytest-9.0.1-py3-none-any.whl", hash = "sha256:67be0030d194df2dfa7b556f2e56fb3c3315bd5c8822c6951162b92b32ce7dad", size = 373668, upload-time = "2025-11-12T13:05:07.379Z" },
]

[[package]]
name = "rag-search-engine"
version = "0.1.0"
source = { virtual = "." }
dependencies = [
    { name = "nltk" },
]

[package.dev-dependencies]
dev = [
    { name = "mypy" },
    { name = "pytest" },
    { name = "ruff" },
]

[package.metadata]
requires-dist = [{ name = "nltk", specifier = "==3.9.1" }]

[package.metadata.requires-dev]
dev = [
    { name = "mypy", specifier = ">=1.18.2" },
    { name = "pytest", specifier = ">=9.0.1" },
    { name = "ruff", specifier = ">=0.14.6" },
]

[[package]]
name = "regex"
version = "2025.11.3"
source = { registry = "https://pypi.org/simple" }
sdist = { url = "https://files.pythonhosted.org/packages/cc/a9/546676f25e573a4cf00fe8e119b78a37b6a8fe2dc95cda877b30889c9c45/regex-2025.11.3.tar.gz", hash = "sha256:1fedc720f9bb2494ce31a58a1631f9c82df6a09b49c19517ea5cc280b4541e01", size = 414669, upload-time = "2025-11-03T21:34:22.089Z" }
wheels = [
    { url = "https://files.pythonhosted.org/packages/e8/74/18f04cb53e58e3fb107439699bd8375cf5a835eec81084e0bddbd122e4c2/regex-2025.11.3-cp312-cp312-macosx_10_13_universal2.whl", hash = "sha256:bc8ab71e2e31b16e40868a40a69007bc305e1109bd4658eb6cad007e0bf67c41", size = 489312, upload-time = "2025-11-03T21:31:34.343Z" },
    { url = "https://files.pythonhosted.org/packages/78/3f/37fcdd0d2b1e78909108a876580485ea37c91e1acf66d3bb8e736348f441/regex-2025.11.3-cp312-cp312-macosx_10_13_x86_64.whl", hash = "sha256:22b29dda7e1f7062a52359fca6e58e548e28c6686f205e780b02ad8ef710de36", size = 291256, upload-time = "2025-11-03T21:31:35.675Z" },
    { url = "https://files.pythonhosted.org/packages/bf/26/0a575f58eb23b7ebd67a45fccbc02ac030b737b896b7e7a909ffe43ffd6a/regex-2025.11.3-cp312-cp312-macosx_11_0_arm64.whl", hash = "sha256:3a91e4a29938bc1a082cc28fdea44be420bf2bebe2665343029723892eb073e1", size = 288921, upload-time = "2025-11-03T21:31:37.07Z" },
    { url = "https://files.pythonhosted.org/packages/ea/98/6a8dff667d1af907150432cf5abc05a17ccd32c72a3615410d5365ac167a/regex-2025.11.3-cp312-cp312-manylinux2014_aarch64.manylinux_2_17_aarch64.manylinux_2_28_aarch64.whl", hash = "sha256:08b884f4226602ad40c5d55f52bf91a9df30f513864e0054bad40c0e9cf1afb7", size = 798568, upload-time = "2025-11-03T21:31:38.784Z" },
    { url = "https://files.pythonhosted.org/packages/64/15/92c1db4fa4e12733dd5a526c2dd2b6edcbfe13257e135fc0f6c57f34c173/regex-2025.11.3-cp312-cp312-manylinux2014_ppc64le.manylinux_2_17_ppc64le.manylinux_2_28_ppc64le.whl", hash = "sha256:3e0b11b2b2433d1c39c7c7a30e3f3d0aeeea44c2a8d0bae28f6b95f639927a69", size = 864165, upload-time = "2025-11-03T21:31:40.559Z" },
    { url = "https://files.pythonhosted.org/packages/f9/e7/3ad7da8cdee1ce66c7cd37ab5ab05c463a86ffeb52b1a25fe7bd9293b36c/regex-2025.11.3-cp312-cp312-manylinux2014_s390x.manylinux_2_17_s390x.manylinux_2_28_s390x.whl", hash = "sha256:87eb52a81ef58c7ba4d45c3ca74e12aa4b4e77816f72ca25258a85b3ea96cb48", size = 912182, upload-time = "2025-11-03T21:31:42.002Z" },
    { url = "https://files.pythonhosted.org/packages/84/bd/9ce9f629fcb714ffc2c3faf62b6766ecb7a585e1e885eb699bcf130a5209/regex-2025.11.3-cp312-cp312-manylinux2014_x86_64.manylinux_2_17_x86_64.manylinux_2_28_x86_64.whl", hash = "sha256:a12ab1f5c29b4e93db518f5e3872116b7e9b1646c9f9f426f777b50d44a09e8c", size = 803501, upload-time = "2025-11-03T21:31:43.815Z" },
    { url = "https://files.pythonhosted.org/packages/7c/0f/8dc2e4349d8e877283e6edd6c12bdcebc20f03744e86f197ab6e4492bf08/regex-2025.11.3-cp312-cp312-musllinux_1_2_aarch64.whl", hash = "sha256:7521684c8c7c4f6e88e35ec89680ee1aa8358d3f09d27dfbdf62c446f5d4c695", size = 787842, upload-time = "2025-11-03T21:31:45.353Z" },
    { url = "https://files.pythonhosted.org/packages/f9/73/cff02702960bc185164d5619c0c62a2f598a6abff6695d391b096237d4ab/regex-2025.11.3-cp312-cp312-musllinux_1_2_ppc64le.whl", hash = "sha256:7fe6e5440584e94cc4b3f5f4d98a25e29ca12dccf8873679a635638349831b98", size = 858519, upload-time = "2025-11-03T21:31:46.814Z" },
    { url = "https://files.pythonhosted.org/packages/61/83/0e8d1ae71e15bc1dc36231c90b46ee35f9d52fab2e226b0e039e7ea9c10a/regex-2025.11.3-cp312-cp312-musllinux_1_2_s390x.whl", hash = "sha256:8e026094aa12b43f4fd74576714e987803a315c76edb6b098b9809db5de58f74", size = 850611, upload-time = "2025-11-03T21:31:48.289Z" },
    { url = "https://files.pythonhosted.org/packages/c8/f5/70a5cdd781dcfaa12556f2955bf170cd603cb1c96a1827479f8faea2df97/regex-2025.11.3-cp312-cp312-musllinux_1_2_x86_64.whl", hash = "sha256:435bbad13e57eb5606a68443af62bed3556de2f46deb9f7d4237bc2f1c9fb3a0", size = 789759, upload-time = "2025-11-03T21:31:49.759Z" },
    { url = "https://files.pythonhosted.org/packages/59/9b/7c29be7903c318488983e7d97abcf8ebd3830e4c956c4c540005fcfb0462/regex-2025.11.3-cp312-cp312-win32.whl", hash = "sha256:3839967cf4dc4b985e1570fd8d91078f0c519f30491c60f9ac42a8db039be204", size = 266194, upload-time = "2025-11-03T21:31:51.53Z" },
    { url = "https://files.pythonhosted.org/packages/1a/67/3b92df89f179d7c367be654ab5626ae311cb28f7d5c237b6bb976cd5fbbb/regex-2025.11.3-cp312-cp312-win_amd64.whl", hash = "sha256:e721d1b46e25c481dc5ded6f4b3f66c897c58d2e8cfdf77bbced84339108b0b9", size = 277069, upload-time = "2025-11-03T21:31:53.151Z" },
    { url = "https://files.pythonhosted.org/packages/d7/55/85ba4c066fe5094d35b249c3ce8df0ba623cfd35afb22d6764f23a52a1c5/regex-2025.11.3-cp312-cp312-win_arm64.whl", hash = "sha256:64350685ff08b1d3a6fff33f45a9ca183dc1d58bbfe4981604e70ec9801bbc26", size = 270330, upload-time = "2025-11-03T21:31:54.514Z" },
    { url = "https://files.pythonhosted.org/packages/e1/a7/dda24ebd49da46a197436ad96378f17df30ceb40e52e859fc42cac45b850/regex-2025.11.3-cp313-cp313-macosx_10_13_universal2.whl", hash = "sha256:c1e448051717a334891f2b9a620fe36776ebf3dd8ec46a0b877c8ae69575feb4", size = 489081, upload-time = "2025-11-03T21:31:55.9Z" },
    { url = "https://files.pythonhosted.org/packages/19/22/af2dc751aacf88089836aa088a1a11c4f21a04707eb1b0478e8e8fb32847/regex-2025.11.3-cp313-cp313-macosx_10_13_x86_64.whl", hash = "sha256:9b5aca4d5dfd7fbfbfbdaf44850fcc7709a01146a797536a8f84952e940cca76", size = 291123, upload-time = "2025-11-03T21:31:57.758Z" },
    { url = "https://files.pythonhosted.org/packages/a3/88/1a3ea5672f4b0a84802ee9891b86743438e7c04eb0b8f8c4e16a42375327/regex-2025.11.3-cp313-cp313-macosx_11_0_arm64.whl", hash = "sha256:04d2765516395cf7dda331a244a3282c0f5ae96075f728629287dfa6f76ba70a", size = 288814, upload-time = "2025-11-03T21:32:01.12Z" },
    { url = "https://files.pythonhosted.org/packages/fb/8c/f5987895bf42b8ddeea1b315c9fedcfe07cadee28b9c98cf50d00adcb14d/regex-2025.11.3-cp313-cp313-manylinux2014_aarch64.manylinux_2_17_aarch64.manylinux_2_28_aarch64.whl", hash = "sha256:5d9903ca42bfeec4cebedba8022a7c97ad2aab22e09573ce9976ba01b65e4361", size = 798592, upload-time = "2025-11-03T21:32:03.006Z" },
    { url = "https://files.pythonhosted.org/packages/99/2a/6591ebeede78203fa77ee46a1c36649e02df9eaa77a033d1ccdf2fcd5d4e/regex-2025.11.3-cp313-cp313-manylinux2014_ppc64le.manylinux_2_17_ppc64le.manylinux_2_28_ppc64le.whl", hash = "sha256:639431bdc89d6429f6721625e8129413980ccd62e9d3f496be618a41d205f160", size = 864122, upload-time = "2025-11-03T21:32:04.553Z" },
    { url = "https://files.pythonhosted.org/packages/94/d6/be32a87cf28cf8ed064ff281cfbd49aefd90242a83e4b08b5a86b38e8eb4/regex-2025.11.3-cp313-cp313-manylinux2014_s390x.manylinux_2_17_s390x.manylinux_2_28_s390x.whl", hash = "sha256:f117efad42068f9715677c8523ed2be1518116d1c49b1dd17987716695181efe", size = 912272, upload-time = "2025-11-03T21:32:06.148Z" },
    { url = "https://files.pythonhosted.org/packages/62/11/9bcef2d1445665b180ac7f230406ad80671f0fc2a6ffb93493b5dd8cd64c/regex-2025.11.3-cp313-cp313-manylinux2014_x86_64.manylinux_2_17_x86_64.manylinux_2_28_x86_64.whl", hash = "sha256:4aecb6f461316adf9f1f0f6a4a1a3d79e045f9b71ec76055a791affa3b285850", size = 803497, upload-time = "2025-11-03T21:32:08.162Z" },
    { url = "https://files.pythonhosted.org/packages/e5/a7/da0dc273d57f560399aa16d8a68ae7f9b57679476fc7ace46501d455fe84/regex-2025.11.3-cp313-cp313-musllinux_1_2_aarch64.whl", hash = "sha256:3b3a5f320136873cc5561098dfab677eea139521cb9a9e8db98b7e64aef44cbc", size = 787892, upload-time = "2025-11-03T21:32:09.769Z" },
    { url = "https://files.pythonhosted.org/packages/da/4b/732a0c5a9736a0b8d6d720d4945a2f1e6f38f87f48f3173559f53e8d5d82/regex-2025.11.3-cp313-cp313-musllinux_1_2_ppc64le.whl", hash = "sha256:75fa6f0056e7efb1f42a1c34e58be24072cb9e61a601340cc1196ae92326a4f9", size = 858462, upload-time = "2025-11-03T21:32:11.769Z" },
    { url = "https://files.pythonhosted.org/packages/0c/f5/a2a03df27dc4c2d0c769220f5110ba8c4084b0bfa9ab0f9b4fcfa3d2b0fc/regex-2025.11.3-cp313-cp313-musllinux_1_2_s390x.whl", hash = "sha256:dbe6095001465294f13f1adcd3311e50dd84e5a71525f20a10bd16689c61ce0b", size = 850528, upload-time = "2025-11-03T21:32:13.906Z" },
    { url = "https://files.pythonhosted.org/packages/d6/09/e1cd5bee3841c7f6eb37d95ca91cdee7100b8f88b81e41c2ef426910891a/regex-2025.11.3-cp313-cp313-musllinux_1_2_x86_64.whl", hash = "sha256:454d9b4ae7881afbc25015b8627c16d88a597479b9dea82b8c6e7e2e07240dc7", size = 789866, upload-time = "2025-11-03T21:32:15.748Z" },
    { url = "https://files.pythonhosted.org/packages/eb/51/702f5ea74e2a9c13d855a6a85b7f80c30f9e72a95493260193c07f3f8d74/regex-2025.11.3-cp313-cp313-win32.whl", hash = "sha256:28ba4d69171fc6e9896337d4fc63a43660002b7da53fc15ac992abcf3410917c", size = 266189, upload-time = "2025-11-03T21:32:17.493Z" },
    { url = "https://files.pythonhosted.org/packages/8b/00/6e29bb314e271a743170e53649db0fdb8e8ff0b64b4f425f5602f4eb9014/regex-2025.11.3-cp313-cp313-win_amd64.whl", hash = "sha256:bac4200befe50c670c405dc33af26dad5a3b6b255dd6c000d92fe4629f9ed6a5", size = 277054, upload-time = "2025-11-03T21:32:19.042Z" },
    { url = "https://files.pythonhosted.org/packages/25/f1/b156ff9f2ec9ac441710764dda95e4edaf5f36aca48246d1eea3f1fd96ec/regex-2025.11.3-cp313-cp313-win_arm64.whl", hash = "sha256:2292cd5a90dab247f9abe892ac584cb24f0f54680c73fcb4a7493c66c2bf2467", size = 270325, upload-time = "2025-11-03T21:32:21.338Z" },
    { url = "https://files.pythonhosted.org/packages/20/28/fd0c63357caefe5680b8ea052131acbd7f456893b69cc2a90cc3e0dc90d4/regex-2025.11.3-cp313-cp313t-macosx_10_13_universal2.whl", hash = "sha256:1eb1ebf6822b756c723e09f5186473d93236c06c579d2cc0671a722d2ab14281", size = 491984, upload-time = "2025-11-03T21:32:23.466Z" },
    { url = "https://files.pythonhosted.org/packages/df/ec/7014c15626ab46b902b3bcc4b28a7bae46d8f281fc7ea9c95e22fcaaa917/regex-2025.11.3-cp313-cp313t-macosx_10_13_x86_64.whl", hash = "sha256:1e00ec2970aab10dc5db34af535f21fcf32b4a31d99e34963419636e2f85ae39", size = 292673, upload-time = "2025-11-03T21:32:25.034Z" },
    { url = "https://files.pythonhosted.org/packages/23/ab/3b952ff7239f20d05f1f99e9e20188513905f218c81d52fb5e78d2bf7634/regex-2025.11.3-cp313-cp313t-macosx_11_0_arm64.whl", hash = "sha256:a4cb042b615245d5ff9b3794f56be4138b5adc35a4166014d31d1814744148c7", size = 291029, upload-time = "2025-11-03T21:32:26.528Z" },
    { url = "https://files.pythonhosted.org/packages/21/7e/3dc2749fc684f455f162dcafb8a187b559e2614f3826877d3844a131f37b/regex-2025.11.3-cp313-cp313t-manylinux2014_aarch64.manylinux_2_17_aarch64.manylinux_2_28_aarch64.whl", hash = "sha256:44f264d4bf02f3176467d90b294d59bf1db9fe53c141ff772f27a8b456b2a9ed", size = 807437, upload-time = "2025-11-03T21:32:28.363Z" },
    { url = "https://files.pythonhosted.org/packages/1b/0b/d529a85ab349c6a25d1ca783235b6e3eedf187247eab536797021f7126c6/regex-2025.11.3-cp313-cp313t-manylinux2014_ppc64le.manylinux_2_17_ppc64le.manylinux_2_28_ppc64le.whl", hash = "sha256:7be0277469bf3bd7a34a9c57c1b6a724532a0d235cd0dc4e7f4316f982c28b19", size = 873368, upload-time = "2025-11-03T21:32:30.4Z" },
    { url = "https://files.pythonhosted.org/packages/7d/18/2d868155f8c9e3e9d8f9e10c64e9a9f496bb8f7e037a88a8bed26b435af6/regex-2025.11.3-cp313-cp313t-manylinux2014_s390x.manylinux_2_17_s390x.manylinux_2_28_s390x.whl", hash = "sha256:0d31e08426ff4b5b650f68839f5af51a92a5b51abd8554a60c2fbc7c71f25d0b", size = 914921, upload-time = "2025-11-03T21:32:32.123Z" },
    { url = "https://files.pythonhosted.org/packages/2d/71/9d72ff0f354fa783fe2ba913c8734c3b433b86406117a8db4ea2bf1c7a2f/regex-2025.11.3-cp313-cp313t-manylinux2014_x86_64.manylinux_2_17_x86_64.manylinux_2_28_x86_64.whl", hash = "sha256:e43586ce5bd28f9f285a6e729466841368c4a0353f6fd08d4ce4630843d3648a", size = 812708, upload-time = "2025-11-03T21:32:34.305Z" },
    { url = "https://files.pythonhosted.org/packages/e7/19/ce4bf7f5575c97f82b6e804ffb5c4e940c62609ab2a0d9538d47a7fdf7d4/regex-2025.11.3-cp313-cp313t-musllinux_1_2_aarch64.whl", hash = "sha256:0f9397d561a4c16829d4e6ff75202c1c08b68a3bdbfe29dbfcdb31c9830907c6", size = 795472, upload-time = "2025-11-03T21:32:36.364Z" },
    { url = "https://files.pythonhosted.org/packages/03/86/fd1063a176ffb7b2315f9a1b08d17b18118b28d9df163132615b835a26ee/regex-2025.11.3-cp313-cp313t-musllinux_1_2_ppc64le.whl", hash = "sha256:dd16e78eb18ffdb25ee33a0682d17912e8cc8a770e885aeee95020046128f1ce", size = 868341, upload-time = "2025-11-03T21:32:38.042Z" },
    { url = "https://files.pythonhosted.org/packages/12/43/103fb2e9811205e7386366501bc866a164a0430c79dd59eac886a2822950/regex-2025.11.3-cp313-cp313t-musllinux_1_2_s390x.whl", hash = "sha256:ffcca5b9efe948ba0661e9df0fa50d2bc4b097c70b9810212d6b62f05d83b2dd", size = 854666, upload-time = "2025-11-03T21:32:40.079Z" },
    { url = "https://files.pythonhosted.org/packages/7d/22/e392e53f3869b75804762c7c848bd2dd2abf2b70fb0e526f58724638bd35/regex-2025.11.3-cp313-cp313t-musllinux_1_2_x86_64.whl", hash = "sha256:c56b4d162ca2b43318ac671c65bd4d563e841a694ac70e1a976ac38fcf4ca1d2", size = 799473, upload-time = "2025-11-03T21:32:42.148Z" },
    { url = "https://files.pythonhosted.org/packages/4f/f9/8bd6b656592f925b6845fcbb4d57603a3ac2fb2373344ffa1ed70aa6820a/regex-2025.11.3-cp313-cp313t-win32.whl", hash = "sha256:9ddc42e68114e161e51e272f667d640f97e84a2b9ef14b7477c53aac20c2d59a", size = 268792, upload-time = "2025-11-03T21:32:44.13Z" },
    { url = "https://files.pythonhosted.org/packages/e5/87/0e7d603467775ff65cd2aeabf1b5b50cc1c3708556a8b849a2fa4dd1542b/regex-2025.11.3-cp313-cp313t-win_amd64.whl", hash = "sha256:7a7c7fdf755032ffdd72c77e3d8096bdcb0eb92e89e17571a196f03d88b11b3c", size = 280214, upload-time = "2025-11-03T21:32:45.853Z" },
    { url = "https://files.pythonhosted.org/packages/8d/d0/2afc6f8e94e2b64bfb738a7c2b6387ac1699f09f032d363ed9447fd2bb57/regex-2025.11.3-cp313-cp313t-win_arm64.whl", hash = "sha256:df9eb838c44f570283712e7cff14c16329a9f0fb19ca492d21d4b7528ee6821e", size = 271469, upload-time = "2025-11-03T21:32:48.026Z" },
    { url = "https://files.pythonhosted.org/packages/31/e9/f6e13de7e0983837f7b6d238ad9458800a874bf37c264f7923e63409944c/regex-2025.11.3-cp314-cp314-macosx_10_13_universal2.whl", hash = "sha256:9697a52e57576c83139d7c6f213d64485d3df5bf84807c35fa409e6c970801c6", size = 489089, upload-time = "2025-11-03T21:32:50.027Z" },
    { url = "https://files.pythonhosted.org/packages/a3/5c/261f4a262f1fa65141c1b74b255988bd2fa020cc599e53b080667d591cfc/regex-2025.11.3-cp314-cp314-macosx_10_13_x86_64.whl", hash = "sha256:e18bc3f73bd41243c9b38a6d9f2366cd0e0137a9aebe2d8ff76c5b67d4c0a3f4", size = 291059, upload-time = "2025-11-03T21:32:51.682Z" },
    { url = "https://files.pythonhosted.org/packages/8e/57/f14eeb7f072b0e9a5a090d1712741fd8f214ec193dba773cf5410108bb7d/regex-2025.11.3-cp314-cp314-macosx_11_0_arm64.whl", hash = "sha256:61a08bcb0ec14ff4e0ed2044aad948d0659604f824cbd50b55e30b0ec6f09c73", size = 288900, upload-time = "2025-11-03T21:32:53.569Z" },
    { url = "https://files.pythonhosted.org/packages/3c/6b/1d650c45e99a9b327586739d926a1cd4e94666b1bd4af90428b36af66dc7/regex-2025.11.3-cp314-cp314-manylinux2014_aarch64.manylinux_2_17_aarch64.manylinux_2_28_aarch64.whl", hash = "sha256:c9c30003b9347c24bcc210958c5d167b9e4f9be786cb380a7d32f14f9b84674f", size = 799010, upload-time = "2025-11-03T21:32:55.222Z" },
    { url = "https://files.pythonhosted.org/packages/99/ee/d66dcbc6b628ce4e3f7f0cbbb84603aa2fc0ffc878babc857726b8aab2e9/regex-2025.11.3-cp314-cp314-manylinux2014_ppc64le.manylinux_2_17_ppc64le.manylinux_2_28_ppc64le.whl", hash = "sha256:4e1e592789704459900728d88d41a46fe3969b82ab62945560a31732ffc19a6d", size = 864893, upload-time = "2025-11-03T21:32:57.239Z" },
    { url = "https://files.pythonhosted.org/packages/bf/2d/f238229f1caba7ac87a6c4153d79947fb0261415827ae0f77c304260c7d3/regex-2025.11.3-cp314-cp314-manylinux2014_s390x.manylinux_2_17_s390x.manylinux_2_28_s390x.whl", hash = "sha256:6538241f45eb5a25aa575dbba1069ad786f68a4f2773a29a2bd3dd1f9de787be", size = 911522, upload-time = "2025-11-03T21:32:59.274Z" },
    { url = "https://files.pythonhosted.org/packages/bd/3d/22a4eaba214a917c80e04f6025d26143690f0419511e0116508e24b11c9b/regex-2025.11.3-cp314-cp314-manylinux2014_x86_64.manylinux_2_17_x86_64.manylinux_2_28_x86_64.whl", hash = "sha256:bce22519c989bb72a7e6b36a199384c53db7722fe669ba891da75907fe3587db", size = 803272, upload-time = "2025-11-03T21:33:01.393Z" },
    { url = "https://files.pythonhosted.org/packages/84/b1/03188f634a409353a84b5ef49754b97dbcc0c0f6fd6c8ede505a8960a0a4/regex-2025.11.3-cp314-cp314-musllinux_1_2_aarch64.whl", hash = "sha256:66d559b21d3640203ab9075797a55165d79017520685fb407b9234d72ab63c62", size = 787958, upload-time = "2025-11-03T21:33:03.379Z" },
    { url = "https://files.pythonhosted.org/packages/99/6a/27d072f7fbf6fadd59c64d210305e1ff865cc3b78b526fd147db768c553b/regex-2025.11.3-cp314-cp314-musllinux_1_2_ppc64le.whl", hash = "sha256:669dcfb2e38f9e8c69507bace46f4889e3abbfd9b0c29719202883c0a603598f", size = 859289, upload-time = "2025-11-03T21:33:05.374Z" },
    { url = "https://files.pythonhosted.org/packages/9a/70/1b3878f648e0b6abe023172dacb02157e685564853cc363d9961bcccde4e/regex-2025.11.3-cp314-cp314-musllinux_1_2_s390x.whl", hash = "sha256:32f74f35ff0f25a5021373ac61442edcb150731fbaa28286bbc8bb1582c89d02", size = 850026, upload-time = "2025-11-03T21:33:07.131Z" },
    { url = "https://files.pythonhosted.org/packages/dd/d5/68e25559b526b8baab8e66839304ede68ff6727237a47727d240006bd0ff/regex-2025.11.3-cp314-cp314-musllinux_1_2_x86_64.whl", hash = "sha256:e6c7a21dffba883234baefe91bc3388e629779582038f75d2a5be918e250f0ed", size = 789499, upload-time = "2025-11-03T21:33:09.141Z" },
    { url = "https://files.pythonhosted.org/packages/fc/df/43971264857140a350910d4e33df725e8c94dd9dee8d2e4729fa0d63d49e/regex-2025.11.3-cp314-cp314-win32.whl", hash = "sha256:795ea137b1d809eb6836b43748b12634291c0ed55ad50a7d72d21edf1cd565c4", size = 271604, upload-time = "2025-11-03T21:33:10.9Z" },
    { url = "https://files.pythonhosted.org/packages/01/6f/9711b57dc6894a55faf80a4c1b5aa4f8649805cb9c7aef46f7d27e2b9206/regex-2025.11.3-cp314-cp314-win_amd64.whl", hash = "sha256:9f95fbaa0ee1610ec0fc6b26668e9917a582ba80c52cc6d9ada15e30aa9ab9ad", size = 280320, upload-time = "2025-11-03T21:33:12.572Z" },
    { url = "https://files.pythonhosted.org/packages/f1/7e/f6eaa207d4377481f5e1775cdeb5a443b5a59b392d0065f3417d31d80f87/regex-2025.11.3-cp314-cp314-win_arm64.whl", hash = "sha256:dfec44d532be4c07088c3de2876130ff0fbeeacaa89a137decbbb5f665855a0f", size = 273372, upload-time = "2025-11-03T21:33:14.219Z" },
    { url = "https://files.pythonhosted.org/packages/c3/06/49b198550ee0f5e4184271cee87ba4dfd9692c91ec55289e6282f0f86ccf/regex-2025.11.3-cp314-cp314t-macosx_10_13_universal2.whl", hash = "sha256:ba0d8a5d7f04f73ee7d01d974d47c5834f8a1b0224390e4fe7c12a3a92a78ecc", size = 491985, upload-time = "2025-11-03T21:33:16.555Z" },
    { url = "https://files.pythonhosted.org/packages/ce/bf/abdafade008f0b1c9da10d934034cb670432d6cf6cbe38bbb53a1cfd6cf8/regex-2025.11.3-cp314-cp314t-macosx_10_13_x86_64.whl", hash = "sha256:442d86cf1cfe4faabf97db7d901ef58347efd004934da045c745e7b5bd57ac49", size = 292669, upload-time = "2025-11-03T21:33:18.32Z" },
    { url = "https://files.pythonhosted.org/packages/f9/ef/0c357bb8edbd2ad8e273fcb9e1761bc37b8acbc6e1be050bebd6475f19c1/regex-2025.11.3-cp314-cp314t-macosx_11_0_arm64.whl", hash = "sha256:fd0a5e563c756de210bb964789b5abe4f114dacae9104a47e1a649b910361536", size = 291030, upload-time = "2025-11-03T21:33:20.048Z" },
    { url = "https://files.pythonhosted.org/packages/79/06/edbb67257596649b8fb088d6aeacbcb248ac195714b18a65e018bf4c0b50/regex-2025.11.3-cp314-cp314t-manylinux2014_aarch64.manylinux_2_17_aarch64.manylinux_2_28_aarch64.whl", hash = "sha256:bf3490bcbb985a1ae97b2ce9ad1c0f06a852d5b19dde9b07bdf25bf224248c95", size = 807674, upload-time = "2025-11-03T21:33:21.797Z" },
    { url = "https://files.pythonhosted.org/packages/f4/d9/ad4deccfce0ea336296bd087f1a191543bb99ee1c53093dcd4c64d951d00/regex-2025.11.3-cp314-cp314t-manylinux2014_ppc64le.manylinux_2_17_ppc64le.manylinux_2_28_ppc64le.whl", hash = "sha256:3809988f0a8b8c9dcc0f92478d6501fac7200b9ec56aecf0ec21f4a2ec4b6009", size = 873451, upload-time = "2025-11-03T21:33:23.741Z" },
    { url = "https://files.pythonhosted.org/packages/13/75/a55a4724c56ef13e3e04acaab29df26582f6978c000ac9cd6810ad1f341f/regex-2025.11.3-cp314-cp314t-manylinux2014_s390x.manylinux_2_17_s390x.manylinux_2_28_s390x.whl", hash = "sha256:f4ff94e58e84aedb9c9fce66d4ef9f27a190285b451420f297c9a09f2b9abee9", size = 914980, upload-time = "2025-11-03T21:33:25.999Z" },
    { url = "https://files.pythonhosted.org/packages/67/1e/a1657ee15bd9116f70d4a530c736983eed997b361e20ecd8f5ca3759d5c5/regex-2025.11.3-cp314-cp314t-manylinux2014_x86_64.manylinux_2_17_x86_64.manylinux_2_28_x86_64.whl", hash = "sha256:7eb542fd347ce61e1321b0a6b945d5701528dca0cd9759c2e3bb8bd57e47964d", size = 812852, upload-time = "2025-11-03T21:33:27.852Z" },
    { url = "https://files.pythonhosted.org/packages/b8/6f/f7516dde5506a588a561d296b2d0044839de06035bb486b326065b4c101e/regex-2025.11.3-cp314-cp314t-musllinux_1_2_aarch64.whl", hash = "sha256:d6c2d5919075a1f2e413c00b056ea0c2f065b3f5fe83c3d07d325ab92dce51d6", size = 795566, upload-time = "2025-11-03T21:33:32.364Z" },
    { url = "https://files.pythonhosted.org/packages/d9/dd/3d10b9e170cc16fb34cb2cef91513cf3df65f440b3366030631b2984a264/regex-2025.11.3-cp314-cp314t-musllinux_1_2_ppc64le.whl", hash = "sha256:3f8bf11a4827cc7ce5a53d4ef6cddd5ad25595d3c1435ef08f76825851343154", size = 868463, upload-time = "2025-11-03T21:33:34.459Z" },
    { url = "https://files.pythonhosted.org/packages/f5/8e/935e6beff1695aa9085ff83195daccd72acc82c81793df480f34569330de/regex-2025.11.3-cp314-cp314t-musllinux_1_2_s390x.whl", hash = "sha256:22c12d837298651e5550ac1d964e4ff57c3f56965fc1812c90c9fb2028eaf267", size = 854694, upload-time = "2025-11-03T21:33:36.793Z" },
    { url = "https://files.pythonhosted.org/packages/92/12/10650181a040978b2f5720a6a74d44f841371a3d984c2083fc1752e4acf6/regex-2025.11.3-cp314-cp314t-musllinux_1_2_x86_64.whl", hash = "sha256:62ba394a3dda9ad41c7c780f60f6e4a70988741415ae96f6d1bf6c239cf01379", size = 799691, upload-time = "2025-11-03T21:33:39.079Z" },
    { url = "https://files.pythonhosted.org/packages/67/90/8f37138181c9a7690e7e4cb388debbd389342db3c7381d636d2875940752/regex-2025.11.3-cp314-cp314t-win32.whl", hash = "sha256:4bf146dca15cdd53224a1bf46d628bd7590e4a07fbb69e720d561aea43a32b38", size = 274583, upload-time = "2025-11-03T21:33:41.302Z" },
    { url = "https://files.pythonhosted.org/packages/8f/cd/867f5ec442d56beb56f5f854f40abcfc75e11d10b11fdb1869dd39c63aaf/regex-2025.11.3-cp314-cp314t-win_amd64.whl", hash = "sha256:adad1a1bcf1c9e76346e091d22d23ac54ef28e1365117d99521631078dfec9de", size = 284286, upload-time = "2025-11-03T21:33:43.324Z" },
    { url = "https://files.pythonhosted.org/packages/20/31/32c0c4610cbc070362bf1d2e4ea86d1ea29014d400a6d6c2486fcfd57766/regex-2025.11.3-cp314-cp314t-win_arm64.whl", hash = "sha256:c54f768482cef41e219720013cd05933b6f971d9562544d691c68699bf2b6801", size = 274741, upload-time = "2025-11-03T21:33:45.557Z" },
]

[[package]]
name = "ruff"
version = "0.14.6"
source = { registry = "https://pypi.org/simple" }
sdist = { url = "https://files.pythonhosted.org/packages/52/f0/62b5a1a723fe183650109407fa56abb433b00aa1c0b9ba555f9c4efec2c6/ruff-0.14.6.tar.gz", hash = "sha256:6f0c742ca6a7783a736b867a263b9a7a80a45ce9bee391eeda296895f1b4e1cc", size = 5669501, upload-time = "2025-11-21T14:26:17.903Z" }
wheels = [
    { url = "https://files.pythonhosted.org/packages/67/d2/7dd544116d107fffb24a0064d41a5d2ed1c9d6372d142f9ba108c8e39207/ruff-0.14.6-py3-none-linux_armv6l.whl", hash = "sha256:d724ac2f1c240dbd01a2ae98db5d1d9a5e1d9e96eba999d1c48e30062df578a3", size = 13326119, upload-time = "2025-11-21T14:25:24.2Z" },
    { url = "https://files.pythonhosted.org/packages/36/6a/ad66d0a3315d6327ed6b01f759d83df3c4d5f86c30462121024361137b6a/ruff-0.14.6-py3-none-macosx_10_12_x86_64.whl", hash = "sha256:9f7539ea257aa4d07b7ce87aed580e485c40143f2473ff2f2b75aee003186004", size = 13526007, upload-time = "2025-11-21T14:25:26.906Z" },
    { url = "https://files.pythonhosted.org/packages/a3/9d/dae6db96df28e0a15dea8e986ee393af70fc97fd57669808728080529c37/ruff-0.14.6-py3-none-macosx_11_0_arm64.whl", hash = "sha256:7f6007e55b90a2a7e93083ba48a9f23c3158c433591c33ee2e99a49b889c6332", size = 12676572, upload-time = "2025-11-21T14:25:29.826Z" },
    { url = "https://files.pythonhosted.org/packages/76/a4/f319e87759949062cfee1b26245048e92e2acce900ad3a909285f9db1859/ruff-0.14.6-py3-none-manylinux_2_17_aarch64.manylinux2014_aarch64.whl", hash = "sha256:0a8e7b9d73d8728b68f632aa8e824ef041d068d231d8dbc7808532d3629a6bef", size = 13140745, upload-time = "2025-11-21T14:25:32.788Z" },
    { url = "https://files.pythonhosted.org/packages/95/d3/248c1efc71a0a8ed4e8e10b4b2266845d7dfc7a0ab64354afe049eaa1310/ruff-0.14.6-py3-none-manylinux_2_17_armv7l.manylinux2014_armv7l.whl", hash = "sha256:d50d45d4553a3ebcbd33e7c5e0fe6ca4aafd9a9122492de357205c2c48f00775", size = 13076486, upload-time = "2025-11-21T14:25:35.601Z" },
    { url = "https://files.pythonhosted.org/packages/a5/19/b68d4563fe50eba4b8c92aa842149bb56dd24d198389c0ed12e7faff4f7d/ruff-0.14.6-py3-none-manylinux_2_17_i686.manylinux2014_i686.whl", hash = "sha256:118548dd121f8a21bfa8ab2c5b80e5b4aed67ead4b7567790962554f38e598ce", size = 13727563, upload-time = "2025-11-21T14:25:38.514Z" },
    { url = "https://files.pythonhosted.org/packages/47/ac/943169436832d4b0e867235abbdb57ce3a82367b47e0280fa7b4eabb7593/ruff-0.14.6-py3-none-manylinux_2_17_ppc64.manylinux2014_ppc64.whl", hash = "sha256:57256efafbfefcb8748df9d1d766062f62b20150691021f8ab79e2d919f7c11f", size = 15199755, upload-time = "2025-11-21T14:25:41.516Z" },
    { url = "https://files.pythonhosted.org/packages/c9/b9/288bb2399860a36d4bb0541cb66cce3c0f4156aaff009dc8499be0c24bf2/ruff-0.14.6-py3-none-manylinux_2_17_ppc64le.manylinux2014_ppc64le.whl", hash = "sha256:ff18134841e5c68f8e5df1999a64429a02d5549036b394fafbe410f886e1989d", size = 14850608, upload-time = "2025-11-21T14:25:44.428Z" },
    { url = "https://files.pythonhosted.org/packages/ee/b1/a0d549dd4364e240f37e7d2907e97ee80587480d98c7799d2d8dc7a2f605/ruff-0.14.6-py3-none-manylinux_2_17_s390x.manylinux2014_s390x.whl", hash = "sha256:29c4b7ec1e66a105d5c27bd57fa93203637d66a26d10ca9809dc7fc18ec58440", size = 14118754, upload-time = "2025-11-21T14:25:47.214Z" },
    { url = "https://files.pythonhosted.org/packages/13/ac/9b9fe63716af8bdfddfacd0882bc1586f29985d3b988b3c62ddce2e202c3/ruff-0.14.6-py3-none-manylinux_2_17_x86_64.manylinux2014_x86_64.whl", hash = "sha256:167843a6f78680746d7e226f255d920aeed5e4ad9c03258094a2d49d3028b105", size = 13949214, upload-time = "2025-11-21T14:25:50.002Z" },
    { url = "https://files.pythonhosted.org/packages/12/27/4dad6c6a77fede9560b7df6802b1b697e97e49ceabe1f12baf3ea20862e9/ruff-0.14.6-py3-none-manylinux_2_31_riscv64.whl", hash = "sha256:16a33af621c9c523b1ae006b1b99b159bf5ac7e4b1f20b85b2572455018e0821", size = 14106112, upload-time = "2025-11-21T14:25:52.841Z" },
    { url = "https://files.pythonhosted.org/packages/6a/db/23e322d7177873eaedea59a7932ca5084ec5b7e20cb30f341ab594130a71/ruff-0.14.6-py3-none-musllinux_1_2_aarch64.whl", hash = "sha256:1432ab6e1ae2dc565a7eea707d3b03a0c234ef401482a6f1621bc1f427c2ff55", size = 13035010, upload-time = "2025-11-21T14:25:55.536Z" },
    { url = "https://files.pythonhosted.org/packages/a8/9c/20e21d4d69dbb35e6a1df7691e02f363423658a20a2afacf2a2c011800dc/ruff-0.14.6-py3-none-musllinux_1_2_armv7l.whl", hash = "sha256:4c55cfbbe7abb61eb914bfd20683d14cdfb38a6d56c6c66efa55ec6570ee4e71", size = 13054082, upload-time = "2025-11-21T14:25:58.625Z" },
    { url = "https://files.pythonhosted.org/packages/66/25/906ee6a0464c3125c8d673c589771a974965c2be1a1e28b5c3b96cb6ef88/ruff-0.14.6-py3-none-musllinux_1_2_i686.whl", hash = "sha256:efea3c0f21901a685fff4befda6d61a1bf4cb43de16da87e8226a281d614350b", size = 13303354, upload-time = "2025-11-21T14:26:01.816Z" },
    { url = "https://files.pythonhosted.org/packages/4c/58/60577569e198d56922b7ead07b465f559002b7b11d53f40937e95067ca1c/ruff-0.14.6-py3-none-musllinux_1_2_x86_64.whl", hash = "sha256:344d97172576d75dc6afc0e9243376dbe1668559c72de1864439c4fc95f78185", size = 14054487, upload-time = "2025-11-21T14:26:05.058Z" },
    { url = "https://files.pythonhosted.org/packages/67/0b/8e4e0639e4cc12547f41cb771b0b44ec8225b6b6a93393176d75fe6f7d40/ruff-0.14.6-py3-none-win32.whl", hash = "sha256:00169c0c8b85396516fdd9ce3446c7ca20c2a8f90a77aa945ba6b8f2bfe99e85", size = 13013361, upload-time = "2025-11-21T14:26:08.152Z" },
    { url = "https://files.pythonhosted.org/packages/fb/02/82240553b77fd1341f80ebb3eaae43ba011c7a91b4224a9f317d8e6591af/ruff-0.14.6-py3-none-win_amd64.whl", hash = "sha256:390e6480c5e3659f8a4c8d6a0373027820419ac14fa0d2713bd8e6c3e125b8b9", size = 14432087, upload-time = "2025-11-21T14:26:10.891Z" },
    { url = "https://files.pythonhosted.org/packages/a5/1f/93f9b0fad9470e4c829a5bb678da4012f0c710d09331b860ee555216f4ea/ruff-0.14.6-py3-none-win_arm64.whl", hash = "sha256:d43c81fbeae52cfa8728d8766bbf46ee4298c888072105815b392da70ca836b2", size = 13520930, upload-time = "2025-11-21T14:26:13.951Z" },
]

[[package]]
name = "tqdm"
version = "4.67.1"
source = { registry = "https://pypi.org/simple" }
dependencies = [
    { name = "colorama", marker = "sys_platform == 'win32'" },
]
sdist = { url = "https://files.pythonhosted.org/packages/a8/4b/29b4ef32e036bb34e4ab51796dd745cdba7ed47ad142a9f4a1eb8e0c744d/tqdm-4.67.1.tar.gz", hash = "sha256:f8aef9c52c08c13a65f30ea34f4e5aac3fd1a34959879d7e59e63027286627f2", size = 169737, upload-time = "2024-11-24T20:12:22.481Z" }
wheels = [
    { url = "https://files.pythonhosted.org/packages/d0/30/dc54f88dd4a2b5dc8a0279bdd7270e735851848b762aeb1c1184ed1f6b14/tqdm-4.67.1-py3-none-any.whl", hash = "sha256:26445eca388f82e72884e0d580d5464cd801a3ea01e63e5601bdff9ba6a48de2", size = 78540, upload-time = "2024-11-24T20:12:19.698Z" },
]

[[package]]
name = "typing-extensions"
version = "4.15.0"
source = { registry = "https://pypi.org/simple" }
sdist = { url = "https://files.pythonhosted.org/packages/72/94/1a15dd82efb362ac84269196e94cf00f187f7ed21c242792a923cdb1c61f/typing_extensions-4.15.0.tar.gz", hash = "sha256:0cea48d173cc12fa28ecabc3b837ea3cf6f38c6d1136f85cbaaf598984861466", size = 109391, upload-time = "2025-08-25T13:49:26.313Z" }
wheels = [
    { url = "https://files.pythonhosted.org/packages/18/67/36e9267722cc04a6b9f15c7f3441c2363321a3ea07da7ae0c0707beb2a9c/typing_extensions-4.15.0-py3-none-any.whl", hash = "sha256:f0fa19c6845758ab08074a0cfa8b7aecb71c999ca73d62883bc25cc018c4e548", size = 44614, upload-time = "2025-08-25T13:49:24.86Z" },
]
